
Microsoft Visual Studio Solution File, Format Version 12.00
# Visual Studio 14
VisualStudioVersion = 14.0.24720.0
MinimumVisualStudioVersion = 10.0.40219.1
Project("{FAE04EC0-301F-11D3-BF4B-00C04F79EFBC}") = "Exercises", "Exercises\Exercises.csproj", "{FF7EB566-7B8A-4E73-B9E7-5D45BB15BB99}"
EndProject
Project("{FAE04EC0-301F-11D3-BF4B-00C04F79EFBC}") = "UnitTests", "UnitTest\UnitTests.csproj", "{1F18DEDE-4216-4804-9A73-FCA700420BDA}"
EndProject
Global
	GlobalSection(SolutionConfigurationPlatforms) = preSolution
		Debug|Any CPU = Debug|Any CPU
		Release|Any CPU = Release|Any CPU
	EndGlobalSection
	GlobalSection(ProjectConfigurationPlatforms) = postSolution
		{FF7EB566-7B8A-4E73-B9E7-5D45BB15BB99}.Debug|Any CPU.ActiveCfg = Debug|Any CPU
		{FF7EB566-7B8A-4E73-B9E7-5D45BB15BB99}.Debug|Any CPU.Build.0 = Debug|Any CPU
		{FF7EB566-7B8A-4E73-B9E7-5D45BB15BB99}.Release|Any CPU.ActiveCfg = Release|Any CPU
		{FF7EB566-7B8A-4E73-B9E7-5D45BB15BB99}.Release|Any CPU.Build.0 = Release|Any CPU
		{1F18DEDE-4216-4804-9A73-FCA700420BDA}.Debug|Any CPU.ActiveCfg = Debug|Any CPU
		{1F18DEDE-4216-4804-9A73-FCA700420BDA}.Debug|Any CPU.Build.0 = Debug|Any CPU
		{1F18DEDE-4216-4804-9A73-FCA700420BDA}.Release|Any CPU.ActiveCfg = Release|Any CPU
		{1F18DEDE-4216-4804-9A73-FCA700420BDA}.Release|Any CPU.Build.0 = Release|Any CPU
	EndGlobalSection
	GlobalSection(SolutionProperties) = preSolution
		HideSolutionNode = FALSE
	EndGlobalSection
EndGlobal
